// !$*UTF8*$!
{
	archiveVersion = 1;
	classes = {
	};
	objectVersion = 46;
	objects = {

/* Begin PBXBuildFile section */
		F80342151A352586006EC757 /* AppDelegate.swift in Sources */ = {isa = PBXBuildFile; fileRef = F80342141A352586006EC757 /* AppDelegate.swift */; };
		F80342171A352586006EC757 /* ViewController.swift in Sources */ = {isa = PBXBuildFile; fileRef = F80342161A352586006EC757 /* ViewController.swift */; };
		F803421A1A352586006EC757 /* Main.storyboard in Resources */ = {isa = PBXBuildFile; fileRef = F80342181A352586006EC757 /* Main.storyboard */; };
		F803421C1A352586006EC757 /* Images.xcassets in Resources */ = {isa = PBXBuildFile; fileRef = F803421B1A352586006EC757 /* Images.xcassets */; };
		F803421F1A352586006EC757 /* LaunchScreen.xib in Resources */ = {isa = PBXBuildFile; fileRef = F803421D1A352586006EC757 /* LaunchScreen.xib */; };
		F803422B1A352587006EC757 /* Pitch_PerfectTests.swift in Sources */ = {isa = PBXBuildFile; fileRef = F803422A1A352587006EC757 /* Pitch_PerfectTests.swift */; };
/* End PBXBuildFile section */

/* Begin PBXContainerItemProxy section */
		F80342251A352587006EC757 /* PBXContainerItemProxy */ = {
			isa = PBXContainerItemProxy;
			containerPortal = F80342071A352586006EC757 /* Project object */;
			proxyType = 1;
			remoteGlobalIDString = F803420E1A352586006EC757;
			remoteInfo = "Pitch Perfect";
		};
/* End PBXContainerItemProxy section */

/* Begin PBXFileReference section */
		F803420F1A352586006EC757 /* Pitch Perfect.app */ = {isa = PBXFileReference; explicitFileType = wrapper.application; includeInIndex = 0; path = "Pitch Perfect.app"; sourceTree = BUILT_PRODUCTS_DIR; };
		F80342131A352586006EC757 /* Info.plist */ = {isa = PBXFileReference; lastKnownFileType = text.plist.xml; path = Info.plist; sourceTree = "<group>"; };
		F80342141A352586006EC757 /* AppDelegate.swift */ = {isa = PBXFileReference; lastKnownFileType = sourcecode.swift; path = AppDelegate.swift; sourceTree = "<group>"; };
		F80342161A352586006EC757 /* ViewController.swift */ = {isa = PBXFileReference; lastKnownFileType = sourcecode.swift; path = ViewController.swift; sourceTree = "<group>"; };
		F80342191A352586006EC757 /* Base */ = {isa = PBXFileReference; lastKnownFileType = file.storyboard; name = Base; path = Base.lproj/Main.storyboard; sourceTree = "<group>"; };
		F803421B1A352586006EC757 /* Images.xcassets */ = {isa = PBXFileReference; lastKnownFileType = folder.assetcatalog; path = Images.xcassets; sourceTree = "<group>"; };
		F803421E1A352586006EC757 /* Base */ = {isa = PBXFileReference; lastKnownFileType = file.xib; name = Base; path = Base.lproj/LaunchScreen.xib; sourceTree = "<group>"; };
		F80342241A352587006EC757 /* Pitch PerfectTests.xctest */ = {isa = PBXFileReference; explicitFileType = wrapper.cfbundle; includeInIndex = 0; path = "Pitch PerfectTests.xctest"; sourceTree = BUILT_PRODUCTS_DIR; };
		F80342291A352587006EC757 /* Info.plist */ = {isa = PBXFileReference; lastKnownFileType = text.plist.xml; path = Info.plist; sourceTree = "<group>"; };
		F803422A1A352587006EC757 /* Pitch_PerfectTests.swift */ = {isa = PBXFileReference; lastKnownFileType = sourcecode.swift; path = Pitch_PerfectTests.swift; sourceTree = "<group>"; };
/* End PBXFileReference section */

/* Begin PBXFrameworksBuildPhase section */
		F803420C1A352586006EC757 /* Frameworks */ = {
			isa = PBXFrameworksBuildPhase;
			buildActionMask = 2147483647;
			files = (
			);
			runOnlyForDeploymentPostprocessing = 0;
		};
		F80342211A352587006EC757 /* Frameworks */ = {
			isa = PBXFrameworksBuildPhase;
			buildActionMask = 2147483647;
			files = (
			);
			runOnlyForDeploymentPostprocessing = 0;
		};
/* End PBXFrameworksBuildPhase section */

/* Begin PBXGroup section */
		F80342061A352586006EC757 = {
			isa = PBXGroup;
			children = (
				F80342111A352586006EC757 /* Pitch Perfect */,
				F80342271A352587006EC757 /* Pitch PerfectTests */,
				F80342101A352586006EC757 /* Products */,
			);
			sourceTree = "<group>";
		};
		F80342101A352586006EC757 /* Products */ = {
			isa = PBXGroup;
			children = (
				F803420F1A352586006EC757 /* Pitch Perfect.app */,
				F80342241A352587006EC757 /* Pitch PerfectTests.xctest */,
			);
			name = Products;
			sourceTree = "<group>";
		};
		F80342111A352586006EC757 /* Pitch Perfect */ = {
			isa = PBXGroup;
			children = (
				F80342141A352586006EC757 /* AppDelegate.swift */,
				F80342161A352586006EC757 /* ViewController.swift */,
				F80342181A352586006EC757 /* Main.storyboard */,
				F803421B1A352586006EC757 /* Images.xcassets */,
				F803421D1A352586006EC757 /* LaunchScreen.xib */,
				F80342121A352586006EC757 /* Supporting Files */,
			);
			path = "Pitch Perfect";
			sourceTree = "<group>";
		};
		F80342121A352586006EC757 /* Supporting Files */ = {
			isa = PBXGroup;
			children = (
				F80342131A352586006EC757 /* Info.plist */,
			);
			name = "Supporting Files";
			sourceTree = "<group>";
		};
		F80342271A352587006EC757 /* Pitch PerfectTests */ = {
			isa = PBXGroup;
			children = (
				F803422A1A352587006EC757 /* Pitch_PerfectTests.swift */,
				F80342281A352587006EC757 /* Supporting Files */,
			);
			path = "Pitch PerfectTests";
			sourceTree = "<group>";
		};
		F80342281A352587006EC757 /* Supporting Files */ = {
			isa = PBXGroup;
			children = (
				F80342291A352587006EC757 /* Info.plist */,
			);
			name = "Supporting Files";
			sourceTree = "<group>";
		};
/* End PBXGroup section */

/* Begin PBXNativeTarget section */
		F803420E1A352586006EC757 /* Pitch Perfect */ = {
			isa = PBXNativeTarget;
			buildConfigurationList = F803422E1A352587006EC757 /* Build configuration list for PBXNativeTarget "Pitch Perfect" */;
			buildPhases = (
				F803420B1A352586006EC757 /* Sources */,
				F803420C1A352586006EC757 /* Frameworks */,
				F803420D1A352586006EC757 /* Resources */,
			);
			buildRules = (
			);
			dependencies = (
			);
			name = "Pitch Perfect";
			productName = "Pitch Perfect";
			productReference = F803420F1A352586006EC757 /* Pitch Perfect.app */;
			productType = "com.apple.product-type.application";
		};
		F80342231A352587006EC757 /* Pitch PerfectTests */ = {
			isa = PBXNativeTarget;
			buildConfigurationList = F80342311A352587006EC757 /* Build configuration list for PBXNativeTarget "Pitch PerfectTests" */;
			buildPhases = (
				F80342201A352587006EC757 /* Sources */,
				F80342211A352587006EC757 /* Frameworks */,
				F80342221A352587006EC757 /* Resources */,
			);
			buildRules = (
			);
			dependencies = (
				F80342261A352587006EC757 /* PBXTargetDependency */,
			);
			name = "Pitch PerfectTests";
			productName = "Pitch PerfectTests";
			productReference = F80342241A352587006EC757 /* Pitch PerfectTests.xctest */;
			productType = "com.apple.product-type.bundle.unit-test";
		};
/* End PBXNativeTarget section */

/* Begin PBXProject section */
		F80342071A352586006EC757 /* Project object */ = {
			isa = PBXProject;
			attributes = {
				LastUpgradeCheck = 0610;
				ORGANIZATIONNAME = Self;
				TargetAttributes = {
					F803420E1A352586006EC757 = {
						CreatedOnToolsVersion = 6.1.1;
					};
					F80342231A352587006EC757 = {
						CreatedOnToolsVersion = 6.1.1;
						TestTargetID = F803420E1A352586006EC757;
					};
				};
			};
			buildConfigurationList = F803420A1A352586006EC757 /* Build configuration list for PBXProject "Pitch Perfect" */;
			compatibilityVersion = "Xcode 3.2";
			developmentRegion = English;
			hasScannedForEncodings = 0;
			knownRegions = (
				en,
				Base,
			);
			mainGroup = F80342061A352586006EC757;
			productRefGroup = F80342101A352586006EC757 /* Products */;
			projectDirPath = "";
			projectRoot = "";
			targets = (
				F803420E1A352586006EC757 /* Pitch Perfect */,
				F80342231A352587006EC757 /* Pitch PerfectTests */,
			);
		};
/* End PBXProject section */

/* Begin PBXResourcesBuildPhase section */
		F803420D1A352586006EC757 /* Resources */ = {
			isa = PBXResourcesBuildPhase;
			buildActionMask = 2147483647;
			files = (
				F803421A1A352586006EC757 /* Main.storyboard in Resources */,
				F803421F1A352586006EC757 /* LaunchScreen.xib in Resources */,
				F803421C1A352586006EC757 /* Images.xcassets in Resources */,
			);
			runOnlyForDeploymentPostprocessing = 0;
		};
		F80342221A352587006EC757 /* Resources */ = {
			isa = PBXResourcesBuildPhase;
			buildActionMask = 2147483647;
			files = (
			);
			runOnlyForDeploymentPostprocessing = 0;
		};
/* End PBXResourcesBuildPhase section */

/* Begin PBXSourcesBuildPhase section */
		F803420B1A352586006EC757 /* Sources */ = {
			isa = PBXSourcesBuildPhase;
			buildActionMask = 2147483647;
			files = (
				F80342171A352586006EC757 /* ViewController.swift in Sources */,
				F80342151A352586006EC757 /* AppDelegate.swift in Sources */,
			);
			runOnlyForDeploymentPostprocessing = 0;
		};
		F80342201A352587006EC757 /* Sources */ = {
			isa = PBXSourcesBuildPhase;
			buildActionMask = 2147483647;
			files = (
				F803422B1A352587006EC757 /* Pitch_PerfectTests.swift in Sources */,
			);
			runOnlyForDeploymentPostprocessing = 0;
		};
/* End PBXSourcesBuildPhase section */

/* Begin PBXTargetDependency section */
		F80342261A352587006EC757 /* PBXTargetDependency */ = {
			isa = PBXTargetDependency;
			target = F803420E1A352586006EC757 /* Pitch Perfect */;
			targetProxy = F80342251A352587006EC757 /* PBXContainerItemProxy */;
		};
/* End PBXTargetDependency section */

/* Begin PBXVariantGroup section */
		F80342181A352586006EC757 /* Main.storyboard */ = {
			isa = PBXVariantGroup;
			children = (
				F80342191A352586006EC757 /* Base */,
			);
			name = Main.storyboard;
			sourceTree = "<group>";
		};
		F803421D1A352586006EC757 /* LaunchScreen.xib */ = {
			isa = PBXVariantGroup;
			children = (
				F803421E1A352586006EC757 /* Base */,
			);
			name = LaunchScreen.xib;
			sourceTree = "<group>";
		};
/* End PBXVariantGroup section */

/* Begin XCBuildConfiguration section */
		F803422C1A352587006EC757 /* Debug */ = {
			isa = XCBuildConfiguration;
			buildSettings = {
				ALWAYS_SEARCH_USER_PATHS = NO;
				CLANG_CXX_LANGUAGE_STANDARD = "gnu++0x";
				CLANG_CXX_LIBRARY = "libc++";
				CLANG_ENABLE_MODULES = YES;
				CLANG_ENABLE_OBJC_ARC = YES;
				CLANG_WARN_BOOL_CONVERSION = YES;
				CLANG_WARN_CONSTANT_CONVERSION = YES;
				CLANG_WARN_DIRECT_OBJC_ISA_USAGE = YES_ERROR;
				CLANG_WARN_EMPTY_BODY = YES;
				CLANG_WARN_ENUM_CONVERSION = YES;
				CLANG_WARN_INT_CONVERSION = YES;
				CLANG_WARN_OBJC_ROOT_CLASS = YES_ERROR;
				CLANG_WARN_UNREACHABLE_CODE = YES;
				CLANG_WARN__DUPLICATE_METHOD_MATCH = YES;
				"CODE_SIGN_IDENTITY[sdk=iphoneos*]" = "iPhone Developer";
				COPY_PHASE_STRIP = NO;
				ENABLE_STRICT_OBJC_MSGSEND = YES;
				GCC_C_LANGUAGE_STANDARD = gnu99;
				GCC_DYNAMIC_NO_PIC = NO;
				GCC_OPTIMIZATION_LEVEL = 0;
				GCC_PREPROCESSOR_DEFINITIONS = (
					"DEBUG=1",
					"$(inherited)",
				);
				GCC_SYMBOLS_PRIVATE_EXTERN = NO;
				GCC_WARN_64_TO_32_BIT_CONVERSION = YES;
				GCC_WARN_ABOUT_RETURN_TYPE = YES_ERROR;
				GCC_WARN_UNDECLARED_SELECTOR = YES;
				GCC_WARN_UNINITIALIZED_AUTOS = YES_AGGRESSIVE;
				GCC_WARN_UNUSED_FUNCTION = YES;
				GCC_WARN_UNUSED_VARIABLE = YES;
				IPHONEOS_DEPLOYMENT_TARGET = 8.1;
				MTL_ENABLE_DEBUG_INFO = YES;
				ONLY_ACTIVE_ARCH = YES;
				SDKROOT = iphoneos;
				SWIFT_OPTIMIZATION_LEVEL = "-Onone";
			};
			name = Debug;
		};
		F803422D1A352587006EC757 /* Release */ = {
			isa = XCBuildConfiguration;
			buildSettings = {
				ALWAYS_SEARCH_USER_PATHS = NO;
				CLANG_CXX_LANGUAGE_STANDARD = "gnu++0x";
				CLANG_CXX_LIBRARY = "libc++";
				CLANG_ENABLE_MODULES = YES;
				CLANG_ENABLE_OBJC_ARC = YES;
				CLANG_WARN_BOOL_CONVERSION = YES;
				CLANG_WARN_CONSTANT_CONVERSION = YES;
				CLANG_WARN_DIRECT_OBJC_ISA_USAGE = YES_ERROR;
				CLANG_WARN_EMPTY_BODY = YES;
				CLANG_WARN_ENUM_CONVERSION = YES;
				CLANG_WARN_INT_CONVERSION = YES;
				CLANG_WARN_OBJC_ROOT_CLASS = YES_ERROR;
				CLANG_WARN_UNREACHABLE_CODE = YES;
				CLANG_WARN__DUPLICATE_METHOD_MATCH = YES;
				"CODE_SIGN_IDENTITY[sdk=iphoneos*]" = "iPhone Developer";
				COPY_PHASE_STRIP = YES;
				ENABLE_NS_ASSERTIONS = NO;
				ENABLE_STRICT_OBJC_MSGSEND = YES;
				GCC_C_LANGUAGE_STANDARD = gnu99;
				GCC_WARN_64_TO_32_BIT_CONVERSION = YES;
				GCC_WARN_ABOUT_RETURN_TYPE = YES_ERROR;
				GCC_WARN_UNDECLARED_SELECTOR = YES;
				GCC_WARN_UNINITIALIZED_AUTOS = YES_AGGRESSIVE;
				GCC_WARN_UNUSED_FUNCTION = YES;
				GCC_WARN_UNUSED_VARIABLE = YES;
				IPHONEOS_DEPLOYMENT_TARGET = 8.1;
				MTL_ENABLE_DEBUG_INFO = NO;
				SDKROOT = iphoneos;
				VALIDATE_PRODUCT = YES;
			};
			name = Release;
		};
		F803422F1A352587006EC757 /* Debug */ = {
			isa = XCBuildConfiguration;
			buildSettings = {
				ASSETCATALOG_COMPILER_APPICON_NAME = AppIcon;
				INFOPLIST_FILE = "Pitch Perfect/Info.plist";
				LD_RUNPATH_SEARCH_PATHS = "$(inherited) @executable_path/Frameworks";
				PRODUCT_NAME = "$(TARGET_NAME)";
			};
			name = Debug;
		};
		F80342301A352587006EC757 /* Release */ = {
			isa = XCBuildConfiguration;
			buildSettings = {
				ASSETCATALOG_COMPILER_APPICON_NAME = AppIcon;
				INFOPLIST_FILE = "Pitch Perfect/Info.plist";
				LD_RUNPATH_SEARCH_PATHS = "$(inherited) @executable_path/Frameworks";
				PRODUCT_NAME = "$(TARGET_NAME)";
			};
			name = Release;
		};
		F80342321A352587006EC757 /* Debug */ = {
			isa = XCBuildConfiguration;
			buildSettings = {
				BUNDLE_LOADER = "$(TEST_HOST)";
				FRAMEWORK_SEARCH_PATHS = (
					"$(SDKROOT)/Developer/Library/Frameworks",
					"$(inherited)",
				);
				GCC_PREPROCESSOR_DEFINITIONS = (
					"DEBUG=1",
					"$(inherited)",
				);
				INFOPLIST_FILE = "Pitch PerfectTests/Info.plist";
				LD_RUNPATH_SEARCH_PATHS = "$(inherited) @executable_path/Frameworks @loader_path/Frameworks";
				PRODUCT_NAME = "$(TARGET_NAME)";
				TEST_HOST = "$(BUILT_PRODUCTS_DIR)/Pitch Perfect.app/Pitch Perfect";
			};
			name = Debug;
		};
		F80342331A352587006EC757 /* Release */ = {
			isa = XCBuildConfiguration;
			buildSettings = {
				BUNDLE_LOADER = "$(TEST_HOST)";
				FRAMEWORK_SEARCH_PATHS = (
					"$(SDKROOT)/Developer/Library/Frameworks",
					"$(inherited)",
				);
				INFOPLIST_FILE = "Pitch PerfectTests/Info.plist";
				LD_RUNPATH_SEARCH_PATHS = "$(inherited) @executable_path/Frameworks @loader_path/Frameworks";
				PRODUCT_NAME = "$(TARGET_NAME)";
				TEST_HOST = "$(BUILT_PRODUCTS_DIR)/Pitch Perfect.app/Pitch Perfect";
			};
			name = Release;
		};
/* End XCBuildConfiguration section */

/* Begin XCConfigurationList section */
		F803420A1A352586006EC757 /* Build configuration list for PBXProject "Pitch Perfect" */ = {
			isa = XCConfigurationList;
			buildConfigurations = (
				F803422C1A352587006EC757 /* Debug */,
				F803422D1A352587006EC757 /* Release */,
			);
			defaultConfigurationIsVisible = 0;
			defaultConfigurationName = Release;
		};
		F803422E1A352587006EC757 /* Build configuration list for PBXNativeTarget "Pitch Perfect" */ = {
			isa = XCConfigurationList;
			buildConfigurations = (
				F803422F1A352587006EC757 /* Debug */,
				F80342301A352587006EC757 /* Release */,
			);
			defaultConfigurationIsVisible = 0;
		};
		F80342311A352587006EC757 /* Build configuration list for PBXNativeTarget "Pitch PerfectTests" */ = {
			isa = XCConfigurationList;
			buildConfigurations = (
				F80342321A352587006EC757 /* Debug */,
				F80342331A352587006EC757 /* Release */,
			);
			defaultConfigurationIsVisible = 0;
		};
/* End XCConfigurationList section */
	};
	rootObject = F80342071A352586006EC757 /* Project object */;
}
